
Microsoft Visual Studio Solution File, Format Version 12.00
# Visual Studio Version 17
VisualStudioVersion = 17.14.36310.24
MinimumVisualStudioVersion = 10.0.40219.1
Project("{FAE04EC0-301F-11D3-BF4B-00C04F79EFBC}") = "WalletPayPhone_Rest_Api", "WalletPayPhone_Rest_Api\WalletPayPhone_Rest_Api.csproj", "{9588BA08-280E-47C1-948E-FC5AC75BE0CC}"
EndProject
Project("{FAE04EC0-301F-11D3-BF4B-00C04F79EFBC}") = "payphone.wallet.businesslogic", "..\payphone.wallet.businesslogic\payphone.wallet.businesslogic\payphone.wallet.businesslogic.csproj", "{DEEA27D7-1F85-90FA-EE74-B34AB2F2951F}"
EndProject
Global
	GlobalSection(SolutionConfigurationPlatforms) = preSolution
		Debug|Any CPU = Debug|Any CPU
		Release|Any CPU = Release|Any CPU
	EndGlobalSection
	GlobalSection(ProjectConfigurationPlatforms) = postSolution
		{9588BA08-280E-47C1-948E-FC5AC75BE0CC}.Debug|Any CPU.ActiveCfg = Debug|Any CPU
		{9588BA08-280E-47C1-948E-FC5AC75BE0CC}.Debug|Any CPU.Build.0 = Debug|Any CPU
		{9588BA08-280E-47C1-948E-FC5AC75BE0CC}.Release|Any CPU.ActiveCfg = Release|Any CPU
		{9588BA08-280E-47C1-948E-FC5AC75BE0CC}.Release|Any CPU.Build.0 = Release|Any CPU
		{DEEA27D7-1F85-90FA-EE74-B34AB2F2951F}.Debug|Any CPU.ActiveCfg = Debug|Any CPU
		{DEEA27D7-1F85-90FA-EE74-B34AB2F2951F}.Debug|Any CPU.Build.0 = Debug|Any CPU
		{DEEA27D7-1F85-90FA-EE74-B34AB2F2951F}.Release|Any CPU.ActiveCfg = Release|Any CPU
		{DEEA27D7-1F85-90FA-EE74-B34AB2F2951F}.Release|Any CPU.Build.0 = Release|Any CPU
	EndGlobalSection
	GlobalSection(SolutionProperties) = preSolution
		HideSolutionNode = FALSE
	EndGlobalSection
	GlobalSection(ExtensibilityGlobals) = postSolution
		SolutionGuid = {DFB1790C-7629-41C6-B016-8304D4BCFDE0}
	EndGlobalSection
EndGlobal
